
Microsoft Visual Studio Solution File, Format Version 12.00
# Visual Studio Version 17
VisualStudioVersion = 17.2.32526.322
MinimumVisualStudioVersion = 10.0.40219.1
Project("{FAE04EC0-301F-11D3-BF4B-00C04F79EFBC}") = "FastForwardLibrary", "FastForwardLibrary\FastForwardLibrary.csproj", "{69BC3B72-EC6C-41DE-A284-0B1D2A07173D}"
EndProject
Project("{FAE04EC0-301F-11D3-BF4B-00C04F79EFBC}") = "FastForwardExample", "FastForwardExample\FastForwardExample.csproj", "{B4FB6C1A-F251-4C68-9E55-5B44D70D53B6}"
EndProject
Global
	GlobalSection(SolutionConfigurationPlatforms) = preSolution
		Debug|Any CPU = Debug|Any CPU
		Release|Any CPU = Release|Any CPU
	EndGlobalSection
	GlobalSection(ProjectConfigurationPlatforms) = postSolution
		{69BC3B72-EC6C-41DE-A284-0B1D2A07173D}.Debug|Any CPU.ActiveCfg = Debug|Any CPU
		{69BC3B72-EC6C-41DE-A284-0B1D2A07173D}.Debug|Any CPU.Build.0 = Debug|Any CPU
		{69BC3B72-EC6C-41DE-A284-0B1D2A07173D}.Release|Any CPU.ActiveCfg = Release|Any CPU
		{69BC3B72-EC6C-41DE-A284-0B1D2A07173D}.Release|Any CPU.Build.0 = Release|Any CPU
		{B4FB6C1A-F251-4C68-9E55-5B44D70D53B6}.Debug|Any CPU.ActiveCfg = Debug|Any CPU
		{B4FB6C1A-F251-4C68-9E55-5B44D70D53B6}.Debug|Any CPU.Build.0 = Debug|Any CPU
		{B4FB6C1A-F251-4C68-9E55-5B44D70D53B6}.Release|Any CPU.ActiveCfg = Release|Any CPU
		{B4FB6C1A-F251-4C68-9E55-5B44D70D53B6}.Release|Any CPU.Build.0 = Release|Any CPU
	EndGlobalSection
	GlobalSection(SolutionProperties) = preSolution
		HideSolutionNode = FALSE
	EndGlobalSection
	GlobalSection(ExtensibilityGlobals) = postSolution
		SolutionGuid = {25BFBC56-0C9C-457A-A643-7D2E481F3E08}
	EndGlobalSection
EndGlobal
